
Microsoft Visual Studio Solution File, Format Version 12.00
# Visual Studio Version 17
VisualStudioVersion = 17.5.002.0
MinimumVisualStudioVersion = 10.0.40219.1
Project("{9A19103F-16F7-4668-BE54-9A1E7A4F7556}") = "Nova pasta", "Nova pasta.csproj", "{E73A2D85-2584-48B4-B6B8-4C84DB02A093}"
EndProject
Global
	GlobalSection(SolutionConfigurationPlatforms) = preSolution
		Debug|Any CPU = Debug|Any CPU
		Release|Any CPU = Release|Any CPU
	EndGlobalSection
	GlobalSection(ProjectConfigurationPlatforms) = postSolution
		{E73A2D85-2584-48B4-B6B8-4C84DB02A093}.Debug|Any CPU.ActiveCfg = Debug|Any CPU
		{E73A2D85-2584-48B4-B6B8-4C84DB02A093}.Debug|Any CPU.Build.0 = Debug|Any CPU
		{E73A2D85-2584-48B4-B6B8-4C84DB02A093}.Release|Any CPU.ActiveCfg = Release|Any CPU
		{E73A2D85-2584-48B4-B6B8-4C84DB02A093}.Release|Any CPU.Build.0 = Release|Any CPU
	EndGlobalSection
	GlobalSection(SolutionProperties) = preSolution
		HideSolutionNode = FALSE
	EndGlobalSection
	GlobalSection(ExtensibilityGlobals) = postSolution
		SolutionGuid = {C77D4218-FEAE-4431-A95A-B436965958A7}
	EndGlobalSection
EndGlobal
